
Microsoft Visual Studio Solution File, Format Version 12.00
# Visual Studio Version 17
VisualStudioVersion = 17.14.36623.8 d17.14
MinimumVisualStudioVersion = 10.0.40219.1
Project("{FAE04EC0-301F-11D3-BF4B-00C04F79EFBC}") = "CS_OOP", "CS_OOP\CS_OOP.csproj", "{F2266BDF-9C4D-44E4-9338-BADE55EC18CF}"
EndProject
Global
	GlobalSection(SolutionConfigurationPlatforms) = preSolution
		Debug|Any CPU = Debug|Any CPU
		Release|Any CPU = Release|Any CPU
	EndGlobalSection
	GlobalSection(ProjectConfigurationPlatforms) = postSolution
		{F2266BDF-9C4D-44E4-9338-BADE55EC18CF}.Debug|Any CPU.ActiveCfg = Debug|Any CPU
		{F2266BDF-9C4D-44E4-9338-BADE55EC18CF}.Debug|Any CPU.Build.0 = Debug|Any CPU
		{F2266BDF-9C4D-44E4-9338-BADE55EC18CF}.Release|Any CPU.ActiveCfg = Release|Any CPU
		{F2266BDF-9C4D-44E4-9338-BADE55EC18CF}.Release|Any CPU.Build.0 = Release|Any CPU
	EndGlobalSection
	GlobalSection(SolutionProperties) = preSolution
		HideSolutionNode = FALSE
	EndGlobalSection
	GlobalSection(ExtensibilityGlobals) = postSolution
		SolutionGuid = {A94F7147-2FF0-4250-8993-7BDC8FEF0672}
	EndGlobalSection
EndGlobal
